// !$*UTF8*$!
{
	archiveVersion = 1;
	classes = {
	};
	objectVersion = 56;
	objects = {

/* Begin PBXBuildFile section */
		26803CAFE3279539A46D055A /* AudioIO/AudioFileInspector.swift in Sources */ = {isa = PBXBuildFile; fileRef = 44990322A53A83E8390C6BDB /* AudioIO/AudioFileInspector.swift */; };
		32A3A477BF19CADE924764EF /* App/CaminoAudioApp.swift in Sources */ = {isa = PBXBuildFile; fileRef = BD920ACA7C0CC8C34B3B1AB2 /* App/CaminoAudioApp.swift */; };
		4136ABD3417C792684DE87E2 /* Core/AudioTypes.swift in Sources */ = {isa = PBXBuildFile; fileRef = 84368FD76133B94C8F5E3774 /* Core/AudioTypes.swift */; };
		43B41E151D24A2A662AD2017 /* Core/RecordingStore.swift in Sources */ = {isa = PBXBuildFile; fileRef = 53E3833127F8AA7BAACCB10B /* Core/RecordingStore.swift */; };
		A86C4E6D7570CA482C7EFD15 /* App/AudioViewModel.swift in Sources */ = {isa = PBXBuildFile; fileRef = 1D716C4BBFC87424D4EC6751 /* App/AudioViewModel.swift */; };
		C9501B9DA1B2EE32AB18A813 /* App/IOSAudioDriver.swift in Sources */ = {isa = PBXBuildFile; fileRef = C84EFB2CAC2838E47F4E018E /* App/IOSAudioDriver.swift */; };
		ECB5595AA1AB1B90C271AB3D /* Core/AudioController.swift in Sources */ = {isa = PBXBuildFile; fileRef = 2EC8F99D572E138FBDF5C62F /* Core/AudioController.swift */; };
		59BC63F524792BF86F03DB4B /* PlaybackUITests.swift in Sources */ = {isa = PBXBuildFile; fileRef = 4BF99EF2001A38FB3424944A; };
/* End PBXBuildFile section */

/* Begin PBXContainerItemProxy section */
		81CAE47D1FACEF2CA6BA4CE8 = {isa = PBXContainerItemProxy; containerPortal = 244210E48437B6556980A702; proxyType = 1; remoteGlobalIDString = 34A04005BCAF206EEC990BD9; remoteInfo = CaminoAudio; };
/* End PBXContainerItemProxy section */

/* Begin PBXTargetDependency section */
		DDDCBBDDBFDEFFA6661220D7 = {isa = PBXTargetDependency; target = 34A04005BCAF206EEC990BD9; targetProxy = 81CAE47D1FACEF2CA6BA4CE8; };
/* End PBXTargetDependency section */

/* Begin PBXFileReference section */
		1D716C4BBFC87424D4EC6751 /* App/AudioViewModel.swift */ = {isa = PBXFileReference; lastKnownFileType = sourcecode.swift; path = App/AudioViewModel.swift; sourceTree = "<group>"; };
		2EC8F99D572E138FBDF5C62F /* Core/AudioController.swift */ = {isa = PBXFileReference; lastKnownFileType = sourcecode.swift; path = Core/AudioController.swift; sourceTree = "<group>"; };
		44990322A53A83E8390C6BDB /* AudioIO/AudioFileInspector.swift */ = {isa = PBXFileReference; lastKnownFileType = sourcecode.swift; path = AudioIO/AudioFileInspector.swift; sourceTree = "<group>"; };
		53E3833127F8AA7BAACCB10B /* Core/RecordingStore.swift */ = {isa = PBXFileReference; lastKnownFileType = sourcecode.swift; path = Core/RecordingStore.swift; sourceTree = "<group>"; };
		84368FD76133B94C8F5E3774 /* Core/AudioTypes.swift */ = {isa = PBXFileReference; lastKnownFileType = sourcecode.swift; path = Core/AudioTypes.swift; sourceTree = "<group>"; };
		8500A105EFC3753A5CE8987E /* Config.xcconfig */ = {isa = PBXFileReference; lastKnownFileType = text.xcconfig; path = Config.xcconfig; sourceTree = "<group>"; };
		A8792157CB4F27FB949C035F /* CaminoAudio.app */ = {isa = PBXFileReference; explicitFileType = wrapper.application; path = CaminoAudio.app; sourceTree = BUILT_PRODUCTS_DIR; };
		BD920ACA7C0CC8C34B3B1AB2 /* App/CaminoAudioApp.swift */ = {isa = PBXFileReference; lastKnownFileType = sourcecode.swift; path = App/CaminoAudioApp.swift; sourceTree = "<group>"; };
		C84EFB2CAC2838E47F4E018E /* App/IOSAudioDriver.swift */ = {isa = PBXFileReference; lastKnownFileType = sourcecode.swift; path = App/IOSAudioDriver.swift; sourceTree = "<group>"; };
		4BF99EF2001A38FB3424944A /* PlaybackUITests.swift */ = {isa = PBXFileReference; lastKnownFileType = sourcecode.swift; path = UITests/PlaybackUITests.swift; sourceTree = "<group>"; };
		64B73DEF55AE7F9717F111F9 /* CaminoAudioUITests.xctest */ = {isa = PBXFileReference; explicitFileType = wrapper.cfbundle; path = CaminoAudioUITests.xctest; sourceTree = BUILT_PRODUCTS_DIR; };
/* End PBXFileReference section */

/* Begin PBXFrameworksBuildPhase section */
		E2AA269EB967A8853A258BFA /* Frameworks */ = {
			isa = PBXFrameworksBuildPhase;
			buildActionMask = 2147483647;
			files = (
			);
			runOnlyForDeploymentPostprocessing = 0;
		};
		F0F64FA1914A0948BC14D84D = {isa = PBXFrameworksBuildPhase; buildActionMask = 2147483647; files = (); runOnlyForDeploymentPostprocessing = 0; };
/* End PBXFrameworksBuildPhase section */

/* Begin PBXGroup section */
		0A3E27B8CA818264D75C8D81 /* Products */ = {
			isa = PBXGroup;
			children = (
				A8792157CB4F27FB949C035F /* CaminoAudio.app */,
				64B73DEF55AE7F9717F111F9 /* CaminoAudioUITests.xctest */,
			);
			name = Products;
			sourceTree = "<group>";
		};
		C8D2DC745BFC63C0D67231CE = {
			isa = PBXGroup;
			children = (
				44990322A53A83E8390C6BDB /* AudioIO/AudioFileInspector.swift */,
				1D716C4BBFC87424D4EC6751 /* App/AudioViewModel.swift */,
				BD920ACA7C0CC8C34B3B1AB2 /* App/CaminoAudioApp.swift */,
				C84EFB2CAC2838E47F4E018E /* App/IOSAudioDriver.swift */,
				2EC8F99D572E138FBDF5C62F /* Core/AudioController.swift */,
				84368FD76133B94C8F5E3774 /* Core/AudioTypes.swift */,
				53E3833127F8AA7BAACCB10B /* Core/RecordingStore.swift */,
				8500A105EFC3753A5CE8987E /* Config.xcconfig */,
				4BF99EF2001A38FB3424944A /* PlaybackUITests.swift */,
				0A3E27B8CA818264D75C8D81 /* Products */,
			);
			sourceTree = "<group>";
		};
/* End PBXGroup section */

/* Begin PBXNativeTarget section */
		34A04005BCAF206EEC990BD9 /* CaminoAudio */ = {
			isa = PBXNativeTarget;
			buildConfigurationList = 1B672BF3DA427763BF644BE3 /* Build configuration list for PBXNativeTarget "CaminoAudio" */;
			buildPhases = (
				878A52FC5FF6A57D50B7B870 /* Sources */,
				E2AA269EB967A8853A258BFA /* Frameworks */,
				41D311A605520FC7B8B9A980 /* Resources */,
			);
			buildRules = (
			);
			dependencies = (
			);
			name = CaminoAudio;
			productName = CaminoAudio;
			productReference = A8792157CB4F27FB949C035F /* CaminoAudio.app */;
			productType = "com.apple.product-type.application";
		};
		132E926E5455DA44ED65C4BA /* CaminoAudioUITests */ = {
			isa = PBXNativeTarget; buildConfigurationList = 859BC9CC434CCCE5D900BB7A;
			buildPhases = (113129D7F6292225229CE3C0, F0F64FA1914A0948BC14D84D, 4C9750833C86672220AF02A4);
			buildRules = (); dependencies = (DDDCBBDDBFDEFFA6661220D7);
			name = CaminoAudioUITests; productName = CaminoAudioUITests;
			productReference = 64B73DEF55AE7F9717F111F9; productType = "com.apple.product-type.bundle.ui-testing";
		};
/* End PBXNativeTarget section */

/* Begin PBXProject section */
		244210E48437B6556980A702 /* Project object */ = {
			isa = PBXProject;
			attributes = {
				BuildIndependentTargetsInParallel = YES;
				LastUpgradeCheck = 2630;
				TargetAttributes = {
					132E926E5455DA44ED65C4BA = {CreatedOnToolsVersion = 26.3; TestTargetID = 34A04005BCAF206EEC990BD9; };
					34A04005BCAF206EEC990BD9 = {
						CreatedOnToolsVersion = 26.3;
						ProvisioningStyle = Automatic;
					};
				};
			};
			buildConfigurationList = 76F8DEC3DFE0BDB465198890 /* Build configuration list for PBXProject "CaminoAudio" */;
			compatibilityVersion = "Xcode 14.0";
			developmentRegion = cs;
			hasScannedForEncodings = 0;
			knownRegions = (
				cs,
				en,
				Base,
			);
			mainGroup = C8D2DC745BFC63C0D67231CE;
			productRefGroup = 0A3E27B8CA818264D75C8D81 /* Products */;
			projectDirPath = "";
			projectRoot = "";
			targets = (
				132E926E5455DA44ED65C4BA /* CaminoAudioUITests */,
				34A04005BCAF206EEC990BD9 /* CaminoAudio */,
			);
		};
/* End PBXProject section */

/* Begin PBXResourcesBuildPhase section */
		41D311A605520FC7B8B9A980 /* Resources */ = {
			isa = PBXResourcesBuildPhase;
			buildActionMask = 2147483647;
			files = (
			);
			runOnlyForDeploymentPostprocessing = 0;
		};
		4C9750833C86672220AF02A4 = {isa = PBXResourcesBuildPhase; buildActionMask = 2147483647; files = (); runOnlyForDeploymentPostprocessing = 0; };
/* End PBXResourcesBuildPhase section */

/* Begin PBXSourcesBuildPhase section */
		878A52FC5FF6A57D50B7B870 /* Sources */ = {
			isa = PBXSourcesBuildPhase;
			buildActionMask = 2147483647;
			files = (
				26803CAFE3279539A46D055A /* AudioIO/AudioFileInspector.swift in Sources */,
				A86C4E6D7570CA482C7EFD15 /* App/AudioViewModel.swift in Sources */,
				32A3A477BF19CADE924764EF /* App/CaminoAudioApp.swift in Sources */,
				C9501B9DA1B2EE32AB18A813 /* App/IOSAudioDriver.swift in Sources */,
				ECB5595AA1AB1B90C271AB3D /* Core/AudioController.swift in Sources */,
				4136ABD3417C792684DE87E2 /* Core/AudioTypes.swift in Sources */,
				43B41E151D24A2A662AD2017 /* Core/RecordingStore.swift in Sources */,
			);
			runOnlyForDeploymentPostprocessing = 0;
		};
		113129D7F6292225229CE3C0 = {isa = PBXSourcesBuildPhase; buildActionMask = 2147483647; files = (59BC63F524792BF86F03DB4B,); runOnlyForDeploymentPostprocessing = 0; };
/* End PBXSourcesBuildPhase section */

/* Begin XCBuildConfiguration section */
		0B0C687DF8B6B8DC790B519C /* Release */ = {
			isa = XCBuildConfiguration;
			buildSettings = {
				CLANG_ENABLE_MODULES = YES;
				DEBUG_INFORMATION_FORMAT = "dwarf-with-dsym";
				IPHONEOS_DEPLOYMENT_TARGET = 17.0;
				SDKROOT = iphoneos;
				SWIFT_COMPILATION_MODE = wholemodule;
				SWIFT_OPTIMIZATION_LEVEL = "-O";
				SWIFT_STRICT_CONCURRENCY = complete;
				SWIFT_VERSION = 6.0;
			};
			name = Release;
		};
		6C7EFF6369083C8E1F2B1994 /* Debug */ = {
			isa = XCBuildConfiguration;
			baseConfigurationReference = 8500A105EFC3753A5CE8987E /* Config.xcconfig */;
			buildSettings = {
				CLANG_ENABLE_MODULES = YES;
				CODE_SIGN_STYLE = Automatic;
				CURRENT_PROJECT_VERSION = 4;
				DEBUG_INFORMATION_FORMAT = dwarf;

				ENABLE_TESTABILITY = YES;
				GENERATE_INFOPLIST_FILE = YES;
				INFOPLIST_KEY_CFBundleDisplayName = "Camino Audio";
				INFOPLIST_KEY_NSMicrophoneUsageDescription = "Mikrofon slouží pro soukromé nahrávání v tomto iPhonu, které může po spuštění pokračovat i při zamčení.";
				INFOPLIST_FILE = "$(SRCROOT)/App/Info.plist";
				INFOPLIST_KEY_UIApplicationSceneManifest_Generation = YES;
				INFOPLIST_KEY_UILaunchScreen_Generation = YES;
				INFOPLIST_KEY_UISupportedInterfaceOrientations = "UIInterfaceOrientationPortrait UIInterfaceOrientationLandscapeLeft UIInterfaceOrientationLandscapeRight";
				IPHONEOS_DEPLOYMENT_TARGET = 17.0;
				MARKETING_VERSION = 0.3.0;
				PRODUCT_BUNDLE_IDENTIFIER = cz.pythonmf.camino.audio.prototype;
				PRODUCT_NAME = "$(TARGET_NAME)";
				SDKROOT = iphoneos;
				SUPPORTED_PLATFORMS = "iphoneos iphonesimulator";
				SUPPORTS_MACCATALYST = NO;
				SUPPORTS_MAC_DESIGNED_FOR_IPHONE_IPAD = NO;
				SWIFT_ACTIVE_COMPILATION_CONDITIONS = DEBUG;
				SWIFT_OPTIMIZATION_LEVEL = "-Onone";
				SWIFT_STRICT_CONCURRENCY = complete;
				SWIFT_VERSION = 6.0;
				TARGETED_DEVICE_FAMILY = 1;
			};
			name = Debug;
		};
		73EBF6644258C120893E685D /* Debug */ = {
			isa = XCBuildConfiguration;
			buildSettings = {
				CLANG_ENABLE_MODULES = YES;
				DEBUG_INFORMATION_FORMAT = dwarf;
				ENABLE_TESTABILITY = YES;
				IPHONEOS_DEPLOYMENT_TARGET = 17.0;
				SDKROOT = iphoneos;
				SWIFT_ACTIVE_COMPILATION_CONDITIONS = DEBUG;
				SWIFT_OPTIMIZATION_LEVEL = "-Onone";
				SWIFT_STRICT_CONCURRENCY = complete;
				SWIFT_VERSION = 6.0;
			};
			name = Debug;
		};
		DD75E2CB1C510A828AC72D96 /* Release */ = {
			isa = XCBuildConfiguration;
			baseConfigurationReference = 8500A105EFC3753A5CE8987E /* Config.xcconfig */;
			buildSettings = {
				CLANG_ENABLE_MODULES = YES;
				CODE_SIGN_STYLE = Automatic;
				CURRENT_PROJECT_VERSION = 4;
				DEBUG_INFORMATION_FORMAT = "dwarf-with-dsym";

				GENERATE_INFOPLIST_FILE = YES;
				INFOPLIST_KEY_CFBundleDisplayName = "Camino Audio";
				INFOPLIST_KEY_NSMicrophoneUsageDescription = "Mikrofon slouží pro soukromé nahrávání v tomto iPhonu, které může po spuštění pokračovat i při zamčení.";
				INFOPLIST_FILE = "$(SRCROOT)/App/Info.plist";
				INFOPLIST_KEY_UIApplicationSceneManifest_Generation = YES;
				INFOPLIST_KEY_UILaunchScreen_Generation = YES;
				INFOPLIST_KEY_UISupportedInterfaceOrientations = "UIInterfaceOrientationPortrait UIInterfaceOrientationLandscapeLeft UIInterfaceOrientationLandscapeRight";
				IPHONEOS_DEPLOYMENT_TARGET = 17.0;
				MARKETING_VERSION = 0.3.0;
				PRODUCT_BUNDLE_IDENTIFIER = cz.pythonmf.camino.audio.prototype;
				PRODUCT_NAME = "$(TARGET_NAME)";
				SDKROOT = iphoneos;
				SUPPORTED_PLATFORMS = "iphoneos iphonesimulator";
				SUPPORTS_MACCATALYST = NO;
				SUPPORTS_MAC_DESIGNED_FOR_IPHONE_IPAD = NO;
				SWIFT_COMPILATION_MODE = wholemodule;
				SWIFT_OPTIMIZATION_LEVEL = "-O";
				SWIFT_STRICT_CONCURRENCY = complete;
				SWIFT_VERSION = 6.0;
				TARGETED_DEVICE_FAMILY = 1;
			};
			name = Release;
		};
		3148BFDC677C1E8A82E921A6 /* Debug UI tests */ = {
			isa = XCBuildConfiguration; name = Debug;
			baseConfigurationReference = 8500A105EFC3753A5CE8987E /* Config.xcconfig */;
			buildSettings = {
				GENERATE_INFOPLIST_FILE = YES; IPHONEOS_DEPLOYMENT_TARGET = 17.0;
				PRODUCT_BUNDLE_IDENTIFIER = cz.pythonmf.camino.audio.prototype.uitests;
				PRODUCT_NAME = "$(TARGET_NAME)"; SDKROOT = iphoneos;
				SUPPORTED_PLATFORMS = iphonesimulator; SWIFT_VERSION = 6.0;
				TARGETED_DEVICE_FAMILY = 1; TEST_TARGET_NAME = CaminoAudio;
				SWIFT_OPTIMIZATION_LEVEL = "-Onone";
			};
		};
		0CBC8D46C58683179EB06E63 /* Release UI tests */ = {
			isa = XCBuildConfiguration; name = Release;
			baseConfigurationReference = 8500A105EFC3753A5CE8987E /* Config.xcconfig */;
			buildSettings = {
				GENERATE_INFOPLIST_FILE = YES; IPHONEOS_DEPLOYMENT_TARGET = 17.0;
				PRODUCT_BUNDLE_IDENTIFIER = cz.pythonmf.camino.audio.prototype.uitests;
				PRODUCT_NAME = "$(TARGET_NAME)"; SDKROOT = iphoneos;
				SUPPORTED_PLATFORMS = iphonesimulator; SWIFT_VERSION = 6.0;
				TARGETED_DEVICE_FAMILY = 1; TEST_TARGET_NAME = CaminoAudio;
				SWIFT_OPTIMIZATION_LEVEL = "-Onone";
			};
		};
/* End XCBuildConfiguration section */

/* Begin XCConfigurationList section */
		1B672BF3DA427763BF644BE3 /* Build configuration list for PBXNativeTarget "CaminoAudio" */ = {
			isa = XCConfigurationList;
			buildConfigurations = (
				6C7EFF6369083C8E1F2B1994 /* Debug */,
				DD75E2CB1C510A828AC72D96 /* Release */,
			);
			defaultConfigurationIsVisible = 0;
			defaultConfigurationName = Release;
		};
		76F8DEC3DFE0BDB465198890 /* Build configuration list for PBXProject "CaminoAudio" */ = {
			isa = XCConfigurationList;
			buildConfigurations = (
				73EBF6644258C120893E685D /* Debug */,
				0B0C687DF8B6B8DC790B519C /* Release */,
			);
			defaultConfigurationIsVisible = 0;
			defaultConfigurationName = Release;
		};
		859BC9CC434CCCE5D900BB7A = {isa = XCConfigurationList; buildConfigurations = (3148BFDC677C1E8A82E921A6, 0CBC8D46C58683179EB06E63); defaultConfigurationIsVisible = 0; defaultConfigurationName = Debug; };
/* End XCConfigurationList section */
	};
	rootObject = 244210E48437B6556980A702 /* Project object */;
}
