// !$*UTF8*$!
{ archiveVersion = 1; classes = {}; objectVersion = 56; objects = {
44990322A53A83E8390C6BDB = {isa = PBXFileReference; lastKnownFileType = sourcecode.swift; path = "AudioIO/AudioFileInspector.swift"; sourceTree = "<group>"; };
26803CAFE3279539A46D055A = {isa = PBXBuildFile; fileRef = 44990322A53A83E8390C6BDB; };
1D716C4BBFC87424D4EC6751 = {isa = PBXFileReference; lastKnownFileType = sourcecode.swift; path = "App/AudioViewModel.swift"; sourceTree = "<group>"; };
A86C4E6D7570CA482C7EFD15 = {isa = PBXBuildFile; fileRef = 1D716C4BBFC87424D4EC6751; };
BD920ACA7C0CC8C34B3B1AB2 = {isa = PBXFileReference; lastKnownFileType = sourcecode.swift; path = "App/CaminoAudioApp.swift"; sourceTree = "<group>"; };
32A3A477BF19CADE924764EF = {isa = PBXBuildFile; fileRef = BD920ACA7C0CC8C34B3B1AB2; };
C84EFB2CAC2838E47F4E018E = {isa = PBXFileReference; lastKnownFileType = sourcecode.swift; path = "App/IOSAudioDriver.swift"; sourceTree = "<group>"; };
C9501B9DA1B2EE32AB18A813 = {isa = PBXBuildFile; fileRef = C84EFB2CAC2838E47F4E018E; };
2EC8F99D572E138FBDF5C62F = {isa = PBXFileReference; lastKnownFileType = sourcecode.swift; path = "Core/AudioController.swift"; sourceTree = "<group>"; };
ECB5595AA1AB1B90C271AB3D = {isa = PBXBuildFile; fileRef = 2EC8F99D572E138FBDF5C62F; };
84368FD76133B94C8F5E3774 = {isa = PBXFileReference; lastKnownFileType = sourcecode.swift; path = "Core/AudioTypes.swift"; sourceTree = "<group>"; };
4136ABD3417C792684DE87E2 = {isa = PBXBuildFile; fileRef = 84368FD76133B94C8F5E3774; };
53E3833127F8AA7BAACCB10B = {isa = PBXFileReference; lastKnownFileType = sourcecode.swift; path = "Core/RecordingStore.swift"; sourceTree = "<group>"; };
43B41E151D24A2A662AD2017 = {isa = PBXBuildFile; fileRef = 53E3833127F8AA7BAACCB10B; };
8500A105EFC3753A5CE8987E = {isa = PBXFileReference; lastKnownFileType = text.xcconfig; path = Config.xcconfig; sourceTree = "<group>"; };
A8792157CB4F27FB949C035F = {isa = PBXFileReference; explicitFileType = wrapper.application; path = CaminoAudio.app; sourceTree = BUILT_PRODUCTS_DIR; };
C8D2DC745BFC63C0D67231CE = {isa = PBXGroup; children = (44990322A53A83E8390C6BDB, 1D716C4BBFC87424D4EC6751, BD920ACA7C0CC8C34B3B1AB2, C84EFB2CAC2838E47F4E018E, 2EC8F99D572E138FBDF5C62F, 84368FD76133B94C8F5E3774, 53E3833127F8AA7BAACCB10B, 8500A105EFC3753A5CE8987E, 0A3E27B8CA818264D75C8D81); sourceTree = "<group>"; };
0A3E27B8CA818264D75C8D81 = {isa = PBXGroup; children = (A8792157CB4F27FB949C035F); name = Products; sourceTree = "<group>"; };
878A52FC5FF6A57D50B7B870 = {isa = PBXSourcesBuildPhase; buildActionMask = 2147483647; files = (26803CAFE3279539A46D055A, A86C4E6D7570CA482C7EFD15, 32A3A477BF19CADE924764EF, C9501B9DA1B2EE32AB18A813, ECB5595AA1AB1B90C271AB3D, 4136ABD3417C792684DE87E2, 43B41E151D24A2A662AD2017); runOnlyForDeploymentPostprocessing = 0; };
E2AA269EB967A8853A258BFA = {isa = PBXFrameworksBuildPhase; buildActionMask = 2147483647; files = (); runOnlyForDeploymentPostprocessing = 0; };
41D311A605520FC7B8B9A980 = {isa = PBXResourcesBuildPhase; buildActionMask = 2147483647; files = (); runOnlyForDeploymentPostprocessing = 0; };
73EBF6644258C120893E685D = {isa = XCBuildConfiguration;  buildSettings = {CLANG_ENABLE_MODULES = YES; SDKROOT = iphoneos; IPHONEOS_DEPLOYMENT_TARGET = 17.0; SWIFT_VERSION = 6.0; SWIFT_STRICT_CONCURRENCY = complete; SWIFT_OPTIMIZATION_LEVEL = "-Onone"; DEBUG_INFORMATION_FORMAT = dwarf; ENABLE_TESTABILITY = YES; SWIFT_ACTIVE_COMPILATION_CONDITIONS = DEBUG;}; name = Debug; };
0B0C687DF8B6B8DC790B519C = {isa = XCBuildConfiguration;  buildSettings = {CLANG_ENABLE_MODULES = YES; SDKROOT = iphoneos; IPHONEOS_DEPLOYMENT_TARGET = 17.0; SWIFT_VERSION = 6.0; SWIFT_STRICT_CONCURRENCY = complete; SWIFT_COMPILATION_MODE = wholemodule; SWIFT_OPTIMIZATION_LEVEL = "-O"; DEBUG_INFORMATION_FORMAT = "dwarf-with-dsym";}; name = Release; };
76F8DEC3DFE0BDB465198890 = {isa = XCConfigurationList; buildConfigurations = (73EBF6644258C120893E685D, 0B0C687DF8B6B8DC790B519C); defaultConfigurationIsVisible = 0; defaultConfigurationName = Release; };
6C7EFF6369083C8E1F2B1994 = {isa = XCBuildConfiguration; baseConfigurationReference = 8500A105EFC3753A5CE8987E; buildSettings = {CLANG_ENABLE_MODULES = YES; SDKROOT = iphoneos; IPHONEOS_DEPLOYMENT_TARGET = 17.0; SWIFT_VERSION = 6.0; SWIFT_STRICT_CONCURRENCY = complete; SWIFT_OPTIMIZATION_LEVEL = "-Onone"; DEBUG_INFORMATION_FORMAT = dwarf; ENABLE_TESTABILITY = YES; SWIFT_ACTIVE_COMPILATION_CONDITIONS = DEBUG; PRODUCT_NAME = "$(TARGET_NAME)"; PRODUCT_BUNDLE_IDENTIFIER = cz.pythonmf.camino.audio.prototype; CODE_SIGN_STYLE = Automatic; GENERATE_INFOPLIST_FILE = YES; INFOPLIST_KEY_CFBundleDisplayName = "Camino Audio"; INFOPLIST_KEY_NSMicrophoneUsageDescription = "Mikrofon slouží pro krátký soukromý záznam uložený pouze v tomto iPhonu."; INFOPLIST_KEY_UIApplicationSceneManifest_Generation = YES; INFOPLIST_KEY_UILaunchScreen_Generation = YES; INFOPLIST_KEY_UISupportedInterfaceOrientations = "UIInterfaceOrientationPortrait UIInterfaceOrientationLandscapeLeft UIInterfaceOrientationLandscapeRight"; TARGETED_DEVICE_FAMILY = 1; SUPPORTED_PLATFORMS = "iphoneos iphonesimulator"; SUPPORTS_MACCATALYST = NO; SUPPORTS_MAC_DESIGNED_FOR_IPHONE_IPAD = NO; CURRENT_PROJECT_VERSION = 1; MARKETING_VERSION = 0.1.0;}; name = Debug; };
DD75E2CB1C510A828AC72D96 = {isa = XCBuildConfiguration; baseConfigurationReference = 8500A105EFC3753A5CE8987E; buildSettings = {CLANG_ENABLE_MODULES = YES; SDKROOT = iphoneos; IPHONEOS_DEPLOYMENT_TARGET = 17.0; SWIFT_VERSION = 6.0; SWIFT_STRICT_CONCURRENCY = complete; SWIFT_COMPILATION_MODE = wholemodule; SWIFT_OPTIMIZATION_LEVEL = "-O"; DEBUG_INFORMATION_FORMAT = "dwarf-with-dsym"; PRODUCT_NAME = "$(TARGET_NAME)"; PRODUCT_BUNDLE_IDENTIFIER = cz.pythonmf.camino.audio.prototype; CODE_SIGN_STYLE = Automatic; GENERATE_INFOPLIST_FILE = YES; INFOPLIST_KEY_CFBundleDisplayName = "Camino Audio"; INFOPLIST_KEY_NSMicrophoneUsageDescription = "Mikrofon slouží pro krátký soukromý záznam uložený pouze v tomto iPhonu."; INFOPLIST_KEY_UIApplicationSceneManifest_Generation = YES; INFOPLIST_KEY_UILaunchScreen_Generation = YES; INFOPLIST_KEY_UISupportedInterfaceOrientations = "UIInterfaceOrientationPortrait UIInterfaceOrientationLandscapeLeft UIInterfaceOrientationLandscapeRight"; TARGETED_DEVICE_FAMILY = 1; SUPPORTED_PLATFORMS = "iphoneos iphonesimulator"; SUPPORTS_MACCATALYST = NO; SUPPORTS_MAC_DESIGNED_FOR_IPHONE_IPAD = NO; CURRENT_PROJECT_VERSION = 1; MARKETING_VERSION = 0.1.0;}; name = Release; };
1B672BF3DA427763BF644BE3 = {isa = XCConfigurationList; buildConfigurations = (6C7EFF6369083C8E1F2B1994, DD75E2CB1C510A828AC72D96); defaultConfigurationIsVisible = 0; defaultConfigurationName = Release; };
34A04005BCAF206EEC990BD9 = {isa = PBXNativeTarget; buildConfigurationList = 1B672BF3DA427763BF644BE3; buildPhases = (878A52FC5FF6A57D50B7B870, E2AA269EB967A8853A258BFA, 41D311A605520FC7B8B9A980); buildRules = (); dependencies = (); name = CaminoAudio; productName = CaminoAudio; productReference = A8792157CB4F27FB949C035F; productType = "com.apple.product-type.application"; };
244210E48437B6556980A702 = {isa = PBXProject; attributes = {BuildIndependentTargetsInParallel = YES; LastUpgradeCheck = 2630; TargetAttributes = {34A04005BCAF206EEC990BD9 = {CreatedOnToolsVersion = 26.3; ProvisioningStyle = Automatic; }; }; }; buildConfigurationList = 76F8DEC3DFE0BDB465198890; compatibilityVersion = "Xcode 14.0"; developmentRegion = cs; hasScannedForEncodings = 0; knownRegions = (cs, en, Base); mainGroup = C8D2DC745BFC63C0D67231CE; productRefGroup = 0A3E27B8CA818264D75C8D81; projectDirPath = ""; projectRoot = ""; targets = (34A04005BCAF206EEC990BD9); };
}; rootObject = 244210E48437B6556980A702; }
