<?xml version="1.0" encoding="UTF-8"?>
<Scheme LastUpgradeVersion="2630" version="1.7">
  <BuildAction parallelizeBuildables="YES" buildImplicitDependencies="YES">
    <BuildActionEntries>
      <BuildActionEntry buildForTesting="YES" buildForRunning="NO" buildForProfiling="NO" buildForArchiving="NO" buildForAnalyzing="YES"><BuildableReference BuildableIdentifier="primary" BlueprintIdentifier="A50000000000000000000001" BuildableName="Camino.app" BlueprintName="Camino" ReferencedContainer="container:Camino.xcodeproj"/></BuildActionEntry>
      <BuildActionEntry buildForTesting="YES" buildForRunning="NO" buildForProfiling="NO" buildForArchiving="NO" buildForAnalyzing="YES"><BuildableReference BuildableIdentifier="primary" BlueprintIdentifier="B70000000000000000000001" BuildableName="CaminoUITests.xctest" BlueprintName="CaminoUITests" ReferencedContainer="container:Camino.xcodeproj"/></BuildActionEntry>
    </BuildActionEntries>
  </BuildAction>
  <TestAction buildConfiguration="Debug" selectedDebuggerIdentifier="Xcode.DebuggerFoundation.Debugger.LLDB" selectedLauncherIdentifier="Xcode.IDEFoundation.Launcher.LLDB" shouldUseLaunchSchemeArgsEnv="YES">
    <Testables><TestableReference skipped="NO" parallelizable="NO"><BuildableReference BuildableIdentifier="primary" BlueprintIdentifier="B70000000000000000000001" BuildableName="CaminoUITests.xctest" BlueprintName="CaminoUITests" ReferencedContainer="container:Camino.xcodeproj"/></TestableReference></Testables>
  </TestAction>
</Scheme>
